
Microsoft Visual Studio Solution File, Format Version 12.00
# Visual Studio Version 16
VisualStudioVersion = 16.0.809.4
MinimumVisualStudioVersion = 10.0.40219.1
Project("{FAE04EC0-301F-11D3-BF4B-00C04F79EFBC}") = "AgeCalculator", "AgeCalculator\AgeCalculator.csproj", "{93D9DAA2-4A7F-4872-9ADB-B63B0360904C}"
EndProject
Project("{FAE04EC0-301F-11D3-BF4B-00C04F79EFBC}") = "CarsApp", "CarsApp\CarsApp.csproj", "{4C8B035C-C095-45D8-82E8-B356801E459C}"
EndProject
Global
	GlobalSection(SolutionConfigurationPlatforms) = preSolution
		Debug|Any CPU = Debug|Any CPU
		Release|Any CPU = Release|Any CPU
	EndGlobalSection
	GlobalSection(ProjectConfigurationPlatforms) = postSolution
		{93D9DAA2-4A7F-4872-9ADB-B63B0360904C}.Debug|Any CPU.ActiveCfg = Debug|Any CPU
		{93D9DAA2-4A7F-4872-9ADB-B63B0360904C}.Debug|Any CPU.Build.0 = Debug|Any CPU
		{93D9DAA2-4A7F-4872-9ADB-B63B0360904C}.Release|Any CPU.ActiveCfg = Release|Any CPU
		{93D9DAA2-4A7F-4872-9ADB-B63B0360904C}.Release|Any CPU.Build.0 = Release|Any CPU
		{4C8B035C-C095-45D8-82E8-B356801E459C}.Debug|Any CPU.ActiveCfg = Debug|Any CPU
		{4C8B035C-C095-45D8-82E8-B356801E459C}.Debug|Any CPU.Build.0 = Debug|Any CPU
		{4C8B035C-C095-45D8-82E8-B356801E459C}.Release|Any CPU.ActiveCfg = Release|Any CPU
		{4C8B035C-C095-45D8-82E8-B356801E459C}.Release|Any CPU.Build.0 = Release|Any CPU
	EndGlobalSection
	GlobalSection(SolutionProperties) = preSolution
		HideSolutionNode = FALSE
	EndGlobalSection
	GlobalSection(ExtensibilityGlobals) = postSolution
		SolutionGuid = {C06A8998-B8A1-4861-ACFD-078D41D492DE}
	EndGlobalSection
EndGlobal
