
Microsoft Visual Studio Solution File, Format Version 12.00
# Visual Studio Version 16
VisualStudioVersion = 16.0.809.5
MinimumVisualStudioVersion = 10.0.40219.1
Project("{FAE04EC0-301F-11D3-BF4B-00C04F79EFBC}") = "Models", "Models\Models.csproj", "{9707C7E0-A7AC-423B-90E2-8BF8E12C5722}"
EndProject
Project("{FAE04EC0-301F-11D3-BF4B-00C04F79EFBC}") = "Main", "Main\Main.csproj", "{A05210B0-6103-4ADD-B89D-711BA23A50B8}"
EndProject
Global
	GlobalSection(SolutionConfigurationPlatforms) = preSolution
		Debug|Any CPU = Debug|Any CPU
		Release|Any CPU = Release|Any CPU
	EndGlobalSection
	GlobalSection(ProjectConfigurationPlatforms) = postSolution
		{9707C7E0-A7AC-423B-90E2-8BF8E12C5722}.Debug|Any CPU.ActiveCfg = Debug|Any CPU
		{9707C7E0-A7AC-423B-90E2-8BF8E12C5722}.Debug|Any CPU.Build.0 = Debug|Any CPU
		{9707C7E0-A7AC-423B-90E2-8BF8E12C5722}.Release|Any CPU.ActiveCfg = Release|Any CPU
		{9707C7E0-A7AC-423B-90E2-8BF8E12C5722}.Release|Any CPU.Build.0 = Release|Any CPU
		{A05210B0-6103-4ADD-B89D-711BA23A50B8}.Debug|Any CPU.ActiveCfg = Debug|Any CPU
		{A05210B0-6103-4ADD-B89D-711BA23A50B8}.Debug|Any CPU.Build.0 = Debug|Any CPU
		{A05210B0-6103-4ADD-B89D-711BA23A50B8}.Release|Any CPU.ActiveCfg = Release|Any CPU
		{A05210B0-6103-4ADD-B89D-711BA23A50B8}.Release|Any CPU.Build.0 = Release|Any CPU
	EndGlobalSection
	GlobalSection(SolutionProperties) = preSolution
		HideSolutionNode = FALSE
	EndGlobalSection
	GlobalSection(ExtensibilityGlobals) = postSolution
		SolutionGuid = {35873E3E-1DBD-4A98-973B-EC2F9018E8EB}
	EndGlobalSection
EndGlobal
